// !$*UTF8*$!
{
	archiveVersion = 1;
	classes = {
	};
	objectVersion = 77;
	objects = {

/* Begin PBXBuildFile section */
		770D37B5304A040300C275FD /* AppDelegate.swift in Sources */ = {isa = PBXBuildFile; fileRef = 770D37B4304A040300C275FD /* AppDelegate.swift */; };
		770D37B9304A040300C275FD /* Main.html in Resources */ = {isa = PBXBuildFile; fileRef = 770D37B7304A040300C275FD /* Main.html */; };
		770D37BB304A040300C275FD /* Icon.png in Resources */ = {isa = PBXBuildFile; fileRef = 770D37BA304A040300C275FD /* Icon.png */; };
		770D37BD304A040300C275FD /* Style.css in Resources */ = {isa = PBXBuildFile; fileRef = 770D37BC304A040300C275FD /* Style.css */; };
		770D37BF304A040300C275FD /* Script.js in Resources */ = {isa = PBXBuildFile; fileRef = 770D37BE304A040300C275FD /* Script.js */; };
		770D37C1304A040300C275FD /* ViewController.swift in Sources */ = {isa = PBXBuildFile; fileRef = 770D37C0304A040300C275FD /* ViewController.swift */; };
		770D37C4304A040300C275FD /* Main.storyboard in Resources */ = {isa = PBXBuildFile; fileRef = 770D37C2304A040300C275FD /* Main.storyboard */; };
		770D37C6304A040300C275FD /* Assets.xcassets in Resources */ = {isa = PBXBuildFile; fileRef = 770D37C5304A040300C275FD /* Assets.xcassets */; };
		770D37CD304A040300C275FD /* Comment Summarizer Extension.appex in Embed Foundation Extensions */ = {isa = PBXBuildFile; fileRef = 770D37CC304A040300C275FD /* Comment Summarizer Extension.appex */; settings = {ATTRIBUTES = (RemoveHeadersOnCopy, ); }; };
		770D37D2304A040300C275FD /* SafariWebExtensionHandler.swift in Sources */ = {isa = PBXBuildFile; fileRef = 770D37D1304A040300C275FD /* SafariWebExtensionHandler.swift */; };
		770D37E5304A040400C275FD /* popup.js in Resources */ = {isa = PBXBuildFile; fileRef = 770D37DE304A040400C275FD /* popup.js */; };
		770D37E6304A040400C275FD /* background.js in Resources */ = {isa = PBXBuildFile; fileRef = 770D37DF304A040400C275FD /* background.js */; };
		770D37E7304A040400C275FD /* popup.html in Resources */ = {isa = PBXBuildFile; fileRef = 770D37E0304A040400C275FD /* popup.html */; };
		770D37E8304A040400C275FD /* icons in Resources */ = {isa = PBXBuildFile; fileRef = 770D37E1304A040400C275FD /* icons */; };
		770D37E9304A040400C275FD /* manifest.json in Resources */ = {isa = PBXBuildFile; fileRef = 770D37E2304A040400C275FD /* manifest.json */; };
		770D37EA304A040400C275FD /* popup.css in Resources */ = {isa = PBXBuildFile; fileRef = 770D37E3304A040400C275FD /* popup.css */; };
		770D37EB304A040400C275FD /* content.js in Resources */ = {isa = PBXBuildFile; fileRef = 770D37E4304A040400C275FD /* content.js */; };
/* End PBXBuildFile section */

/* Begin PBXContainerItemProxy section */
		770D37CE304A040300C275FD /* PBXContainerItemProxy */ = {
			isa = PBXContainerItemProxy;
			containerPortal = 770D37A9304A040300C275FD /* Project object */;
			proxyType = 1;
			remoteGlobalIDString = 770D37CB304A040300C275FD;
			remoteInfo = "Comment Summarizer Extension";
		};
/* End PBXContainerItemProxy section */

/* Begin PBXCopyFilesBuildPhase section */
		770D37D9304A040300C275FD /* Embed Foundation Extensions */ = {
			isa = PBXCopyFilesBuildPhase;
			buildActionMask = 2147483647;
			dstPath = "";
			dstSubfolderSpec = 13;
			files = (
				770D37CD304A040300C275FD /* Comment Summarizer Extension.appex in Embed Foundation Extensions */,
			);
			name = "Embed Foundation Extensions";
			runOnlyForDeploymentPostprocessing = 0;
		};
/* End PBXCopyFilesBuildPhase section */

/* Begin PBXFileReference section */
		770D37B1304A040300C275FD /* Comment Summarizer.app */ = {isa = PBXFileReference; explicitFileType = wrapper.application; includeInIndex = 0; path = "Comment Summarizer.app"; sourceTree = BUILT_PRODUCTS_DIR; };
		770D37B4304A040300C275FD /* AppDelegate.swift */ = {isa = PBXFileReference; lastKnownFileType = sourcecode.swift; path = AppDelegate.swift; sourceTree = "<group>"; };
		770D37B8304A040300C275FD /* Base */ = {isa = PBXFileReference; lastKnownFileType = text.html; name = Base; path = Base.lproj/Main.html; sourceTree = "<group>"; };
		770D37BA304A040300C275FD /* Icon.png */ = {isa = PBXFileReference; lastKnownFileType = image.png; path = Icon.png; sourceTree = "<group>"; };
		770D37BC304A040300C275FD /* Style.css */ = {isa = PBXFileReference; lastKnownFileType = text.css; path = Style.css; sourceTree = "<group>"; };
		770D37BE304A040300C275FD /* Script.js */ = {isa = PBXFileReference; lastKnownFileType = sourcecode.javascript; path = Script.js; sourceTree = "<group>"; };
		770D37C0304A040300C275FD /* ViewController.swift */ = {isa = PBXFileReference; lastKnownFileType = sourcecode.swift; path = ViewController.swift; sourceTree = "<group>"; };
		770D37C3304A040300C275FD /* Base */ = {isa = PBXFileReference; lastKnownFileType = file.storyboard; name = Base; path = Base.lproj/Main.storyboard; sourceTree = "<group>"; };
		770D37C5304A040300C275FD /* Assets.xcassets */ = {isa = PBXFileReference; lastKnownFileType = folder.assetcatalog; path = Assets.xcassets; sourceTree = "<group>"; };
		770D37C7304A040300C275FD /* Info.plist */ = {isa = PBXFileReference; lastKnownFileType = text.plist.xml; path = Info.plist; sourceTree = "<group>"; };
		770D37CC304A040300C275FD /* Comment Summarizer Extension.appex */ = {isa = PBXFileReference; explicitFileType = "wrapper.app-extension"; includeInIndex = 0; path = "Comment Summarizer Extension.appex"; sourceTree = BUILT_PRODUCTS_DIR; };
		770D37D1304A040300C275FD /* SafariWebExtensionHandler.swift */ = {isa = PBXFileReference; lastKnownFileType = sourcecode.swift; path = SafariWebExtensionHandler.swift; sourceTree = "<group>"; };
		770D37D3304A040300C275FD /* Info.plist */ = {isa = PBXFileReference; lastKnownFileType = text.plist.xml; path = Info.plist; sourceTree = "<group>"; };
		770D37DE304A040400C275FD /* popup.js */ = {isa = PBXFileReference; lastKnownFileType = sourcecode.javascript; name = popup.js; path = Resources/popup.js; sourceTree = "<group>"; };
		770D37DF304A040400C275FD /* background.js */ = {isa = PBXFileReference; lastKnownFileType = sourcecode.javascript; name = background.js; path = Resources/background.js; sourceTree = "<group>"; };
		770D37E0304A040400C275FD /* popup.html */ = {isa = PBXFileReference; lastKnownFileType = text.html; name = popup.html; path = Resources/popup.html; sourceTree = "<group>"; };
		770D37E1304A040400C275FD /* icons */ = {isa = PBXFileReference; lastKnownFileType = folder; name = icons; path = Resources/icons; sourceTree = "<group>"; };
		770D37E2304A040400C275FD /* manifest.json */ = {isa = PBXFileReference; lastKnownFileType = text.json; name = manifest.json; path = Resources/manifest.json; sourceTree = "<group>"; };
		770D37E3304A040400C275FD /* popup.css */ = {isa = PBXFileReference; lastKnownFileType = text.css; name = popup.css; path = Resources/popup.css; sourceTree = "<group>"; };
		770D37E4304A040400C275FD /* content.js */ = {isa = PBXFileReference; lastKnownFileType = sourcecode.javascript; name = content.js; path = Resources/content.js; sourceTree = "<group>"; };
/* End PBXFileReference section */

/* Begin PBXFrameworksBuildPhase section */
		770D37AE304A040300C275FD /* Frameworks */ = {
			isa = PBXFrameworksBuildPhase;
			buildActionMask = 2147483647;
			files = (
			);
			runOnlyForDeploymentPostprocessing = 0;
		};
		770D37C9304A040300C275FD /* Frameworks */ = {
			isa = PBXFrameworksBuildPhase;
			buildActionMask = 2147483647;
			files = (
			);
			runOnlyForDeploymentPostprocessing = 0;
		};
/* End PBXFrameworksBuildPhase section */

/* Begin PBXGroup section */
		770D37A8304A040300C275FD = {
			isa = PBXGroup;
			children = (
				770D37B3304A040300C275FD /* Comment Summarizer */,
				770D37D0304A040300C275FD /* Comment Summarizer Extension */,
				770D37B2304A040300C275FD /* Products */,
			);
			sourceTree = "<group>";
		};
		770D37B2304A040300C275FD /* Products */ = {
			isa = PBXGroup;
			children = (
				770D37B1304A040300C275FD /* Comment Summarizer.app */,
				770D37CC304A040300C275FD /* Comment Summarizer Extension.appex */,
			);
			name = Products;
			sourceTree = "<group>";
		};
		770D37B3304A040300C275FD /* Comment Summarizer */ = {
			isa = PBXGroup;
			children = (
				770D37B4304A040300C275FD /* AppDelegate.swift */,
				770D37C0304A040300C275FD /* ViewController.swift */,
				770D37C2304A040300C275FD /* Main.storyboard */,
				770D37C5304A040300C275FD /* Assets.xcassets */,
				770D37C7304A040300C275FD /* Info.plist */,
				770D37B6304A040300C275FD /* Resources */,
			);
			path = "Comment Summarizer";
			sourceTree = "<group>";
		};
		770D37B6304A040300C275FD /* Resources */ = {
			isa = PBXGroup;
			children = (
				770D37B7304A040300C275FD /* Main.html */,
				770D37BA304A040300C275FD /* Icon.png */,
				770D37BC304A040300C275FD /* Style.css */,
				770D37BE304A040300C275FD /* Script.js */,
			);
			path = Resources;
			sourceTree = "<group>";
		};
		770D37D0304A040300C275FD /* Comment Summarizer Extension */ = {
			isa = PBXGroup;
			children = (
				770D37DD304A040400C275FD /* Resources */,
				770D37D1304A040300C275FD /* SafariWebExtensionHandler.swift */,
				770D37D3304A040300C275FD /* Info.plist */,
			);
			path = "Comment Summarizer Extension";
			sourceTree = "<group>";
		};
		770D37DD304A040400C275FD /* Resources */ = {
			isa = PBXGroup;
			children = (
				770D37DE304A040400C275FD /* popup.js */,
				770D37DF304A040400C275FD /* background.js */,
				770D37E0304A040400C275FD /* popup.html */,
				770D37E1304A040400C275FD /* icons */,
				770D37E2304A040400C275FD /* manifest.json */,
				770D37E3304A040400C275FD /* popup.css */,
				770D37E4304A040400C275FD /* content.js */,
			);
			name = Resources;
			path = "Comment Summarizer Extension";
			sourceTree = SOURCE_ROOT;
		};
/* End PBXGroup section */

/* Begin PBXNativeTarget section */
		770D37B0304A040300C275FD /* Comment Summarizer */ = {
			isa = PBXNativeTarget;
			buildConfigurationList = 770D37DA304A040300C275FD /* Build configuration list for PBXNativeTarget "Comment Summarizer" */;
			buildPhases = (
				770D37AD304A040300C275FD /* Sources */,
				770D37AE304A040300C275FD /* Frameworks */,
				770D37AF304A040300C275FD /* Resources */,
				770D37D9304A040300C275FD /* Embed Foundation Extensions */,
			);
			buildRules = (
			);
			dependencies = (
				770D37CF304A040300C275FD /* PBXTargetDependency */,
			);
			name = "Comment Summarizer";
			packageProductDependencies = (
			);
			productName = "Comment Summarizer";
			productReference = 770D37B1304A040300C275FD /* Comment Summarizer.app */;
			productType = "com.apple.product-type.application";
		};
		770D37CB304A040300C275FD /* Comment Summarizer Extension */ = {
			isa = PBXNativeTarget;
			buildConfigurationList = 770D37D6304A040300C275FD /* Build configuration list for PBXNativeTarget "Comment Summarizer Extension" */;
			buildPhases = (
				770D37C8304A040300C275FD /* Sources */,
				770D37C9304A040300C275FD /* Frameworks */,
				770D37CA304A040300C275FD /* Resources */,
			);
			buildRules = (
			);
			dependencies = (
			);
			name = "Comment Summarizer Extension";
			packageProductDependencies = (
			);
			productName = "Comment Summarizer Extension";
			productReference = 770D37CC304A040300C275FD /* Comment Summarizer Extension.appex */;
			productType = "com.apple.product-type.app-extension";
		};
/* End PBXNativeTarget section */

/* Begin PBXProject section */
		770D37A9304A040300C275FD /* Project object */ = {
			isa = PBXProject;
			attributes = {
				BuildIndependentTargetsInParallel = 1;
				LastSwiftUpdateCheck = 2660;
				LastUpgradeCheck = 2660;
				TargetAttributes = {
					770D37B0304A040300C275FD = {
						CreatedOnToolsVersion = 26.6;
					};
					770D37CB304A040300C275FD = {
						CreatedOnToolsVersion = 26.6;
					};
				};
			};
			buildConfigurationList = 770D37AC304A040300C275FD /* Build configuration list for PBXProject "Comment Summarizer" */;
			developmentRegion = en;
			hasScannedForEncodings = 0;
			knownRegions = (
				en,
				Base,
			);
			mainGroup = 770D37A8304A040300C275FD;
			minimizedProjectReferenceProxies = 1;
			preferredProjectObjectVersion = 77;
			productRefGroup = 770D37B2304A040300C275FD /* Products */;
			projectDirPath = "";
			projectRoot = "";
			targets = (
				770D37B0304A040300C275FD /* Comment Summarizer */,
				770D37CB304A040300C275FD /* Comment Summarizer Extension */,
			);
		};
/* End PBXProject section */

/* Begin PBXResourcesBuildPhase section */
		770D37AF304A040300C275FD /* Resources */ = {
			isa = PBXResourcesBuildPhase;
			buildActionMask = 2147483647;
			files = (
				770D37BB304A040300C275FD /* Icon.png in Resources */,
				770D37C4304A040300C275FD /* Main.storyboard in Resources */,
				770D37BF304A040300C275FD /* Script.js in Resources */,
				770D37B9304A040300C275FD /* Main.html in Resources */,
				770D37C6304A040300C275FD /* Assets.xcassets in Resources */,
				770D37BD304A040300C275FD /* Style.css in Resources */,
			);
			runOnlyForDeploymentPostprocessing = 0;
		};
		770D37CA304A040300C275FD /* Resources */ = {
			isa = PBXResourcesBuildPhase;
			buildActionMask = 2147483647;
			files = (
				770D37E6304A040400C275FD /* background.js in Resources */,
				770D37E8304A040400C275FD /* icons in Resources */,
				770D37EA304A040400C275FD /* popup.css in Resources */,
				770D37E9304A040400C275FD /* manifest.json in Resources */,
				770D37E7304A040400C275FD /* popup.html in Resources */,
				770D37EB304A040400C275FD /* content.js in Resources */,
				770D37E5304A040400C275FD /* popup.js in Resources */,
			);
			runOnlyForDeploymentPostprocessing = 0;
		};
/* End PBXResourcesBuildPhase section */

/* Begin PBXSourcesBuildPhase section */
		770D37AD304A040300C275FD /* Sources */ = {
			isa = PBXSourcesBuildPhase;
			buildActionMask = 2147483647;
			files = (
				770D37C1304A040300C275FD /* ViewController.swift in Sources */,
				770D37B5304A040300C275FD /* AppDelegate.swift in Sources */,
			);
			runOnlyForDeploymentPostprocessing = 0;
		};
		770D37C8304A040300C275FD /* Sources */ = {
			isa = PBXSourcesBuildPhase;
			buildActionMask = 2147483647;
			files = (
				770D37D2304A040300C275FD /* SafariWebExtensionHandler.swift in Sources */,
			);
			runOnlyForDeploymentPostprocessing = 0;
		};
/* End PBXSourcesBuildPhase section */

/* Begin PBXTargetDependency section */
		770D37CF304A040300C275FD /* PBXTargetDependency */ = {
			isa = PBXTargetDependency;
			target = 770D37CB304A040300C275FD /* Comment Summarizer Extension */;
			targetProxy = 770D37CE304A040300C275FD /* PBXContainerItemProxy */;
		};
/* End PBXTargetDependency section */

/* Begin PBXVariantGroup section */
		770D37B7304A040300C275FD /* Main.html */ = {
			isa = PBXVariantGroup;
			children = (
				770D37B8304A040300C275FD /* Base */,
			);
			name = Main.html;
			sourceTree = "<group>";
		};
		770D37C2304A040300C275FD /* Main.storyboard */ = {
			isa = PBXVariantGroup;
			children = (
				770D37C3304A040300C275FD /* Base */,
			);
			name = Main.storyboard;
			sourceTree = "<group>";
		};
/* End PBXVariantGroup section */

/* Begin XCBuildConfiguration section */
		770D37D4304A040300C275FD /* Debug */ = {
			isa = XCBuildConfiguration;
			buildSettings = {
				ALWAYS_SEARCH_USER_PATHS = NO;
				ASSETCATALOG_COMPILER_GENERATE_SWIFT_ASSET_SYMBOL_EXTENSIONS = YES;
				CLANG_ANALYZER_NONNULL = YES;
				CLANG_ANALYZER_NUMBER_OBJECT_CONVERSION = YES_AGGRESSIVE;
				CLANG_CXX_LANGUAGE_STANDARD = "gnu++20";
				CLANG_ENABLE_MODULES = YES;
				CLANG_ENABLE_OBJC_ARC = YES;
				CLANG_ENABLE_OBJC_WEAK = YES;
				CLANG_WARN_BLOCK_CAPTURE_AUTORELEASING = YES;
				CLANG_WARN_BOOL_CONVERSION = YES;
				CLANG_WARN_COMMA = YES;
				CLANG_WARN_CONSTANT_CONVERSION = YES;
				CLANG_WARN_DEPRECATED_OBJC_IMPLEMENTATIONS = YES;
				CLANG_WARN_DIRECT_OBJC_ISA_USAGE = YES_ERROR;
				CLANG_WARN_DOCUMENTATION_COMMENTS = YES;
				CLANG_WARN_EMPTY_BODY = YES;
				CLANG_WARN_ENUM_CONVERSION = YES;
				CLANG_WARN_INFINITE_RECURSION = YES;
				CLANG_WARN_INT_CONVERSION = YES;
				CLANG_WARN_NON_LITERAL_NULL_CONVERSION = YES;
				CLANG_WARN_OBJC_IMPLICIT_RETAIN_SELF = YES;
				CLANG_WARN_OBJC_LITERAL_CONVERSION = YES;
				CLANG_WARN_OBJC_ROOT_CLASS = YES_ERROR;
				CLANG_WARN_QUOTED_INCLUDE_IN_FRAMEWORK_HEADER = YES;
				CLANG_WARN_RANGE_LOOP_ANALYSIS = YES;
				CLANG_WARN_STRICT_PROTOTYPES = YES;
				CLANG_WARN_SUSPICIOUS_MOVE = YES;
				CLANG_WARN_UNGUARDED_AVAILABILITY = YES_AGGRESSIVE;
				CLANG_WARN_UNREACHABLE_CODE = YES;
				CLANG_WARN__DUPLICATE_METHOD_MATCH = YES;
				COPY_PHASE_STRIP = NO;
				DEBUG_INFORMATION_FORMAT = dwarf;
				ENABLE_STRICT_OBJC_MSGSEND = YES;
				ENABLE_TESTABILITY = YES;
				ENABLE_USER_SCRIPT_SANDBOXING = YES;
				GCC_C_LANGUAGE_STANDARD = gnu17;
				GCC_DYNAMIC_NO_PIC = NO;
				GCC_NO_COMMON_BLOCKS = YES;
				GCC_OPTIMIZATION_LEVEL = 0;
				GCC_PREPROCESSOR_DEFINITIONS = (
					"DEBUG=1",
					"$(inherited)",
				);
				GCC_WARN_64_TO_32_BIT_CONVERSION = YES;
				GCC_WARN_ABOUT_RETURN_TYPE = YES_ERROR;
				GCC_WARN_UNDECLARED_SELECTOR = YES;
				GCC_WARN_UNINITIALIZED_AUTOS = YES_AGGRESSIVE;
				GCC_WARN_UNUSED_FUNCTION = YES;
				GCC_WARN_UNUSED_VARIABLE = YES;
				LOCALIZATION_PREFERS_STRING_CATALOGS = YES;
				MACOSX_DEPLOYMENT_TARGET = 13.0;
				MTL_ENABLE_DEBUG_INFO = INCLUDE_SOURCE;
				MTL_FAST_MATH = YES;
				ONLY_ACTIVE_ARCH = YES;
				SDKROOT = macosx;
				SWIFT_ACTIVE_COMPILATION_CONDITIONS = "DEBUG $(inherited)";
				SWIFT_OPTIMIZATION_LEVEL = "-Onone";
			};
			name = Debug;
		};
		770D37D5304A040300C275FD /* Release */ = {
			isa = XCBuildConfiguration;
			buildSettings = {
				ALWAYS_SEARCH_USER_PATHS = NO;
				ASSETCATALOG_COMPILER_GENERATE_SWIFT_ASSET_SYMBOL_EXTENSIONS = YES;
				CLANG_ANALYZER_NONNULL = YES;
				CLANG_ANALYZER_NUMBER_OBJECT_CONVERSION = YES_AGGRESSIVE;
				CLANG_CXX_LANGUAGE_STANDARD = "gnu++20";
				CLANG_ENABLE_MODULES = YES;
				CLANG_ENABLE_OBJC_ARC = YES;
				CLANG_ENABLE_OBJC_WEAK = YES;
				CLANG_WARN_BLOCK_CAPTURE_AUTORELEASING = YES;
				CLANG_WARN_BOOL_CONVERSION = YES;
				CLANG_WARN_COMMA = YES;
				CLANG_WARN_CONSTANT_CONVERSION = YES;
				CLANG_WARN_DEPRECATED_OBJC_IMPLEMENTATIONS = YES;
				CLANG_WARN_DIRECT_OBJC_ISA_USAGE = YES_ERROR;
				CLANG_WARN_DOCUMENTATION_COMMENTS = YES;
				CLANG_WARN_EMPTY_BODY = YES;
				CLANG_WARN_ENUM_CONVERSION = YES;
				CLANG_WARN_INFINITE_RECURSION = YES;
				CLANG_WARN_INT_CONVERSION = YES;
				CLANG_WARN_NON_LITERAL_NULL_CONVERSION = YES;
				CLANG_WARN_OBJC_IMPLICIT_RETAIN_SELF = YES;
				CLANG_WARN_OBJC_LITERAL_CONVERSION = YES;
				CLANG_WARN_OBJC_ROOT_CLASS = YES_ERROR;
				CLANG_WARN_QUOTED_INCLUDE_IN_FRAMEWORK_HEADER = YES;
				CLANG_WARN_RANGE_LOOP_ANALYSIS = YES;
				CLANG_WARN_STRICT_PROTOTYPES = YES;
				CLANG_WARN_SUSPICIOUS_MOVE = YES;
				CLANG_WARN_UNGUARDED_AVAILABILITY = YES_AGGRESSIVE;
				CLANG_WARN_UNREACHABLE_CODE = YES;
				CLANG_WARN__DUPLICATE_METHOD_MATCH = YES;
				COPY_PHASE_STRIP = NO;
				DEBUG_INFORMATION_FORMAT = "dwarf-with-dsym";
				ENABLE_NS_ASSERTIONS = NO;
				ENABLE_STRICT_OBJC_MSGSEND = YES;
				ENABLE_USER_SCRIPT_SANDBOXING = YES;
				GCC_C_LANGUAGE_STANDARD = gnu17;
				GCC_NO_COMMON_BLOCKS = YES;
				GCC_WARN_64_TO_32_BIT_CONVERSION = YES;
				GCC_WARN_ABOUT_RETURN_TYPE = YES_ERROR;
				GCC_WARN_UNDECLARED_SELECTOR = YES;
				GCC_WARN_UNINITIALIZED_AUTOS = YES_AGGRESSIVE;
				GCC_WARN_UNUSED_FUNCTION = YES;
				GCC_WARN_UNUSED_VARIABLE = YES;
				LOCALIZATION_PREFERS_STRING_CATALOGS = YES;
				MACOSX_DEPLOYMENT_TARGET = 13.0;
				MTL_ENABLE_DEBUG_INFO = NO;
				MTL_FAST_MATH = YES;
				SDKROOT = macosx;
				SWIFT_COMPILATION_MODE = wholemodule;
			};
			name = Release;
		};
		770D37D7304A040300C275FD /* Debug */ = {
			isa = XCBuildConfiguration;
			buildSettings = {
				CODE_SIGN_STYLE = Automatic;
				CURRENT_PROJECT_VERSION = 1;
				DEVELOPMENT_TEAM = LJVYV7ZJ44;
				ENABLE_APP_SANDBOX = YES;
				ENABLE_HARDENED_RUNTIME = YES;
				ENABLE_OUTGOING_NETWORK_CONNECTIONS = YES;
				ENABLE_USER_SELECTED_FILES = readonly;
				GENERATE_INFOPLIST_FILE = YES;
				INFOPLIST_FILE = "Comment Summarizer Extension/Info.plist";
				INFOPLIST_KEY_CFBundleDisplayName = "Doxa";
				INFOPLIST_KEY_NSHumanReadableCopyright = "";
				LD_RUNPATH_SEARCH_PATHS = (
					"$(inherited)",
					"@executable_path/../Frameworks",
					"@executable_path/../../../../Frameworks",
				);
				MACOSX_DEPLOYMENT_TARGET = 10.14;
				MARKETING_VERSION = 1.0;
				OTHER_LDFLAGS = (
					"-framework",
					SafariServices,
				);
				PRODUCT_BUNDLE_IDENTIFIER = com.theschochs.doxa.Extension;
				PRODUCT_NAME = "$(TARGET_NAME)";
				SKIP_INSTALL = YES;
				STRING_CATALOG_GENERATE_SYMBOLS = YES;
				SWIFT_APPROACHABLE_CONCURRENCY = YES;
				SWIFT_EMIT_LOC_STRINGS = YES;
				SWIFT_UPCOMING_FEATURE_MEMBER_IMPORT_VISIBILITY = YES;
				SWIFT_VERSION = 5.0;
			};
			name = Debug;
		};
		770D37D8304A040300C275FD /* Release */ = {
			isa = XCBuildConfiguration;
			buildSettings = {
				CODE_SIGN_STYLE = Automatic;
				CURRENT_PROJECT_VERSION = 1;
				DEVELOPMENT_TEAM = LJVYV7ZJ44;
				ENABLE_APP_SANDBOX = YES;
				ENABLE_HARDENED_RUNTIME = YES;
				ENABLE_OUTGOING_NETWORK_CONNECTIONS = YES;
				ENABLE_USER_SELECTED_FILES = readonly;
				GENERATE_INFOPLIST_FILE = YES;
				INFOPLIST_FILE = "Comment Summarizer Extension/Info.plist";
				INFOPLIST_KEY_CFBundleDisplayName = "Doxa";
				INFOPLIST_KEY_NSHumanReadableCopyright = "";
				LD_RUNPATH_SEARCH_PATHS = (
					"$(inherited)",
					"@executable_path/../Frameworks",
					"@executable_path/../../../../Frameworks",
				);
				MACOSX_DEPLOYMENT_TARGET = 10.14;
				MARKETING_VERSION = 1.0;
				OTHER_LDFLAGS = (
					"-framework",
					SafariServices,
				);
				PRODUCT_BUNDLE_IDENTIFIER = com.theschochs.doxa.Extension;
				PRODUCT_NAME = "$(TARGET_NAME)";
				SKIP_INSTALL = YES;
				STRING_CATALOG_GENERATE_SYMBOLS = YES;
				SWIFT_APPROACHABLE_CONCURRENCY = YES;
				SWIFT_EMIT_LOC_STRINGS = YES;
				SWIFT_UPCOMING_FEATURE_MEMBER_IMPORT_VISIBILITY = YES;
				SWIFT_VERSION = 5.0;
			};
			name = Release;
		};
		770D37DB304A040300C275FD /* Debug */ = {
			isa = XCBuildConfiguration;
			buildSettings = {
				ASSETCATALOG_COMPILER_APPICON_NAME = AppIcon;
				ASSETCATALOG_COMPILER_GLOBAL_ACCENT_COLOR_NAME = AccentColor;
				CODE_SIGN_STYLE = Automatic;
				COMBINE_HIDPI_IMAGES = YES;
				CURRENT_PROJECT_VERSION = 1;
				DEVELOPMENT_TEAM = LJVYV7ZJ44;
				ENABLE_APP_SANDBOX = YES;
				ENABLE_HARDENED_RUNTIME = YES;
				ENABLE_OUTGOING_NETWORK_CONNECTIONS = YES;
				ENABLE_USER_SELECTED_FILES = readonly;
				GENERATE_INFOPLIST_FILE = YES;
				INFOPLIST_FILE = "Comment Summarizer/Info.plist";
				INFOPLIST_KEY_CFBundleDisplayName = "Doxa";
				INFOPLIST_KEY_LSApplicationCategoryType = "public.app-category.productivity";
				INFOPLIST_KEY_NSHumanReadableCopyright = "";
				INFOPLIST_KEY_NSMainStoryboardFile = Main;
				INFOPLIST_KEY_NSPrincipalClass = NSApplication;
				LD_RUNPATH_SEARCH_PATHS = (
					"$(inherited)",
					"@executable_path/../Frameworks",
				);
				MARKETING_VERSION = 1.0;
				OTHER_LDFLAGS = (
					"-framework",
					SafariServices,
					"-framework",
					WebKit,
				);
				PRODUCT_BUNDLE_IDENTIFIER = com.theschochs.doxa;
				PRODUCT_NAME = "$(TARGET_NAME)";
				REGISTER_APP_GROUPS = YES;
				STRING_CATALOG_GENERATE_SYMBOLS = YES;
				SWIFT_APPROACHABLE_CONCURRENCY = YES;
				SWIFT_DEFAULT_ACTOR_ISOLATION = MainActor;
				SWIFT_EMIT_LOC_STRINGS = YES;
				SWIFT_UPCOMING_FEATURE_MEMBER_IMPORT_VISIBILITY = YES;
				SWIFT_VERSION = 5.0;
			};
			name = Debug;
		};
		770D37DC304A040300C275FD /* Release */ = {
			isa = XCBuildConfiguration;
			buildSettings = {
				ASSETCATALOG_COMPILER_APPICON_NAME = AppIcon;
				ASSETCATALOG_COMPILER_GLOBAL_ACCENT_COLOR_NAME = AccentColor;
				CODE_SIGN_STYLE = Automatic;
				COMBINE_HIDPI_IMAGES = YES;
				CURRENT_PROJECT_VERSION = 1;
				DEVELOPMENT_TEAM = LJVYV7ZJ44;
				ENABLE_APP_SANDBOX = YES;
				ENABLE_HARDENED_RUNTIME = YES;
				ENABLE_OUTGOING_NETWORK_CONNECTIONS = YES;
				ENABLE_USER_SELECTED_FILES = readonly;
				GENERATE_INFOPLIST_FILE = YES;
				INFOPLIST_FILE = "Comment Summarizer/Info.plist";
				INFOPLIST_KEY_CFBundleDisplayName = "Doxa";
				INFOPLIST_KEY_LSApplicationCategoryType = "public.app-category.productivity";
				INFOPLIST_KEY_NSHumanReadableCopyright = "";
				INFOPLIST_KEY_NSMainStoryboardFile = Main;
				INFOPLIST_KEY_NSPrincipalClass = NSApplication;
				LD_RUNPATH_SEARCH_PATHS = (
					"$(inherited)",
					"@executable_path/../Frameworks",
				);
				MARKETING_VERSION = 1.0;
				OTHER_LDFLAGS = (
					"-framework",
					SafariServices,
					"-framework",
					WebKit,
				);
				PRODUCT_BUNDLE_IDENTIFIER = com.theschochs.doxa;
				PRODUCT_NAME = "$(TARGET_NAME)";
				REGISTER_APP_GROUPS = YES;
				STRING_CATALOG_GENERATE_SYMBOLS = YES;
				SWIFT_APPROACHABLE_CONCURRENCY = YES;
				SWIFT_DEFAULT_ACTOR_ISOLATION = MainActor;
				SWIFT_EMIT_LOC_STRINGS = YES;
				SWIFT_UPCOMING_FEATURE_MEMBER_IMPORT_VISIBILITY = YES;
				SWIFT_VERSION = 5.0;
			};
			name = Release;
		};
/* End XCBuildConfiguration section */

/* Begin XCConfigurationList section */
		770D37AC304A040300C275FD /* Build configuration list for PBXProject "Comment Summarizer" */ = {
			isa = XCConfigurationList;
			buildConfigurations = (
				770D37D4304A040300C275FD /* Debug */,
				770D37D5304A040300C275FD /* Release */,
			);
			defaultConfigurationIsVisible = 0;
			defaultConfigurationName = Release;
		};
		770D37D6304A040300C275FD /* Build configuration list for PBXNativeTarget "Comment Summarizer Extension" */ = {
			isa = XCConfigurationList;
			buildConfigurations = (
				770D37D7304A040300C275FD /* Debug */,
				770D37D8304A040300C275FD /* Release */,
			);
			defaultConfigurationIsVisible = 0;
			defaultConfigurationName = Release;
		};
		770D37DA304A040300C275FD /* Build configuration list for PBXNativeTarget "Comment Summarizer" */ = {
			isa = XCConfigurationList;
			buildConfigurations = (
				770D37DB304A040300C275FD /* Debug */,
				770D37DC304A040300C275FD /* Release */,
			);
			defaultConfigurationIsVisible = 0;
			defaultConfigurationName = Release;
		};
/* End XCConfigurationList section */
	};
	rootObject = 770D37A9304A040300C275FD /* Project object */;
}
